
Microsoft Visual Studio Solution File, Format Version 12.00
# Visual Studio Version 17
VisualStudioVersion = 17.6.33723.286
MinimumVisualStudioVersion = 10.0.40219.1
Project("{FAE04EC0-301F-11D3-BF4B-00C04F79EFBC}") = "Calculatore", "Calculatore\Calculatore.csproj", "{3C19B8BD-04A3-4D7D-BF5A-8A4C9113FEA2}"
EndProject
Global
	GlobalSection(SolutionConfigurationPlatforms) = preSolution
		Debug|Any CPU = Debug|Any CPU
		Release|Any CPU = Release|Any CPU
	EndGlobalSection
	GlobalSection(ProjectConfigurationPlatforms) = postSolution
		{3C19B8BD-04A3-4D7D-BF5A-8A4C9113FEA2}.Debug|Any CPU.ActiveCfg = Debug|Any CPU
		{3C19B8BD-04A3-4D7D-BF5A-8A4C9113FEA2}.Debug|Any CPU.Build.0 = Debug|Any CPU
		{3C19B8BD-04A3-4D7D-BF5A-8A4C9113FEA2}.Release|Any CPU.ActiveCfg = Release|Any CPU
		{3C19B8BD-04A3-4D7D-BF5A-8A4C9113FEA2}.Release|Any CPU.Build.0 = Release|Any CPU
	EndGlobalSection
	GlobalSection(SolutionProperties) = preSolution
		HideSolutionNode = FALSE
	EndGlobalSection
	GlobalSection(ExtensibilityGlobals) = postSolution
		SolutionGuid = {BD78226C-90FD-4DB2-9B59-2B121A0E4BB5}
	EndGlobalSection
EndGlobal
